
Microsoft Visual Studio Solution File, Format Version 12.00
# Visual Studio Version 16
VisualStudioVersion = 16.0.31702.278
MinimumVisualStudioVersion = 10.0.40219.1
Project("{9A19103F-16F7-4668-BE54-9A1E7A4F7556}") = "STIVE_GestionStock", "STIVE_GestionStock.csproj", "{54380E9D-5A0D-47EE-A8B9-59B96E92B86E}"
EndProject
Global
	GlobalSection(SolutionConfigurationPlatforms) = preSolution
		Debug|Any CPU = Debug|Any CPU
		Release|Any CPU = Release|Any CPU
	EndGlobalSection
	GlobalSection(ProjectConfigurationPlatforms) = postSolution
		{54380E9D-5A0D-47EE-A8B9-59B96E92B86E}.Debug|Any CPU.ActiveCfg = Debug|Any CPU
		{54380E9D-5A0D-47EE-A8B9-59B96E92B86E}.Debug|Any CPU.Build.0 = Debug|Any CPU
		{54380E9D-5A0D-47EE-A8B9-59B96E92B86E}.Release|Any CPU.ActiveCfg = Release|Any CPU
		{54380E9D-5A0D-47EE-A8B9-59B96E92B86E}.Release|Any CPU.Build.0 = Release|Any CPU
	EndGlobalSection
	GlobalSection(SolutionProperties) = preSolution
		HideSolutionNode = FALSE
	EndGlobalSection
	GlobalSection(ExtensibilityGlobals) = postSolution
		SolutionGuid = {AE1EDD60-8A47-449E-AD7B-CB1FBC2B2DC6}
	EndGlobalSection
EndGlobal
